
Microsoft Visual Studio Solution File, Format Version 12.00
# Visual Studio Version 18
VisualStudioVersion = 18.0.11217.181 d18.0
MinimumVisualStudioVersion = 10.0.40219.1
Project("{9A19103F-16F7-4668-BE54-9A1E7A4F7556}") = "Chirp.Web", "src\Chirp.Web\Chirp.Web.csproj", "{38A84DEA-96FE-41DD-8453-7DE9CBDAC982}"
EndProject
Project("{2150E333-8FDC-42A3-9474-1A3956D46DE8}") = "test", "test", "{0C88DD14-F956-CE84-757C-A364CCF449FC}"
EndProject
Project("{9A19103F-16F7-4668-BE54-9A1E7A4F7556}") = "xUnitTests", "test\xUnitTests\xUnitTests.csproj", "{1868D0AD-A095-4497-8A8A-9496D6A6F7A7}"
EndProject
Project("{2150E333-8FDC-42A3-9474-1A3956D46DE8}") = "src", "src", "{02EA681E-C7D8-13C7-8484-4AC65E1B71E8}"
EndProject
Project("{9A19103F-16F7-4668-BE54-9A1E7A4F7556}") = "Chirp.Infrastructure", "src\Chirp.Infrastructure\Chirp.Infrastructure.csproj", "{7F716B52-E0AB-18D4-76D2-19A4BAD22546}"
EndProject
Project("{9A19103F-16F7-4668-BE54-9A1E7A4F7556}") = "Chirp.Core", "src\Chirp.Core\Chirp.Core.csproj", "{3D3F0D9B-5067-CE60-2D55-743A222468EC}"
EndProject
Project("{9A19103F-16F7-4668-BE54-9A1E7A4F7556}") = "xIntegrationTests", "test\xIntegrationTests\xIntegrationTests.csproj", "{F86A89EE-4726-442C-8896-F498F0737512}"
	ProjectSection(ProjectDependencies) = postProject
		{3D3F0D9B-5067-CE60-2D55-743A222468EC} = {3D3F0D9B-5067-CE60-2D55-743A222468EC}
		{7F716B52-E0AB-18D4-76D2-19A4BAD22546} = {7F716B52-E0AB-18D4-76D2-19A4BAD22546}
	EndProjectSection
EndProject
Project("{FAE04EC0-301F-11D3-BF4B-00C04F79EFBC}") = "PlaywrightTests", "PlaywrightTests\PlaywrightTests.csproj", "{55AEAF2F-0183-D4D7-B2A9-822963563676}"
EndProject
Global
	GlobalSection(SolutionConfigurationPlatforms) = preSolution
		Debug|Any CPU = Debug|Any CPU
		Debug|x64 = Debug|x64
		Debug|x86 = Debug|x86
		Release|Any CPU = Release|Any CPU
		Release|x64 = Release|x64
		Release|x86 = Release|x86
	EndGlobalSection
	GlobalSection(ProjectConfigurationPlatforms) = postSolution
		{38A84DEA-96FE-41DD-8453-7DE9CBDAC982}.Debug|Any CPU.ActiveCfg = Debug|Any CPU
		{38A84DEA-96FE-41DD-8453-7DE9CBDAC982}.Debug|Any CPU.Build.0 = Debug|Any CPU
		{38A84DEA-96FE-41DD-8453-7DE9CBDAC982}.Debug|x64.ActiveCfg = Debug|Any CPU
		{38A84DEA-96FE-41DD-8453-7DE9CBDAC982}.Debug|x64.Build.0 = Debug|Any CPU
		{38A84DEA-96FE-41DD-8453-7DE9CBDAC982}.Debug|x86.ActiveCfg = Debug|Any CPU
		{38A84DEA-96FE-41DD-8453-7DE9CBDAC982}.Debug|x86.Build.0 = Debug|Any CPU
		{38A84DEA-96FE-41DD-8453-7DE9CBDAC982}.Release|Any CPU.ActiveCfg = Release|Any CPU
		{38A84DEA-96FE-41DD-8453-7DE9CBDAC982}.Release|Any CPU.Build.0 = Release|Any CPU
		{38A84DEA-96FE-41DD-8453-7DE9CBDAC982}.Release|x64.ActiveCfg = Release|Any CPU
		{38A84DEA-96FE-41DD-8453-7DE9CBDAC982}.Release|x64.Build.0 = Release|Any CPU
		{38A84DEA-96FE-41DD-8453-7DE9CBDAC982}.Release|x86.ActiveCfg = Release|Any CPU
		{38A84DEA-96FE-41DD-8453-7DE9CBDAC982}.Release|x86.Build.0 = Release|Any CPU
		{1868D0AD-A095-4497-8A8A-9496D6A6F7A7}.Debug|Any CPU.ActiveCfg = Debug|Any CPU
		{1868D0AD-A095-4497-8A8A-9496D6A6F7A7}.Debug|Any CPU.Build.0 = Debug|Any CPU
		{1868D0AD-A095-4497-8A8A-9496D6A6F7A7}.Debug|x64.ActiveCfg = Debug|Any CPU
		{1868D0AD-A095-4497-8A8A-9496D6A6F7A7}.Debug|x64.Build.0 = Debug|Any CPU
		{1868D0AD-A095-4497-8A8A-9496D6A6F7A7}.Debug|x86.ActiveCfg = Debug|Any CPU
		{1868D0AD-A095-4497-8A8A-9496D6A6F7A7}.Debug|x86.Build.0 = Debug|Any CPU
		{1868D0AD-A095-4497-8A8A-9496D6A6F7A7}.Release|Any CPU.ActiveCfg = Release|Any CPU
		{1868D0AD-A095-4497-8A8A-9496D6A6F7A7}.Release|Any CPU.Build.0 = Release|Any CPU
		{1868D0AD-A095-4497-8A8A-9496D6A6F7A7}.Release|x64.ActiveCfg = Release|Any CPU
		{1868D0AD-A095-4497-8A8A-9496D6A6F7A7}.Release|x64.Build.0 = Release|Any CPU
		{1868D0AD-A095-4497-8A8A-9496D6A6F7A7}.Release|x86.ActiveCfg = Release|Any CPU
		{1868D0AD-A095-4497-8A8A-9496D6A6F7A7}.Release|x86.Build.0 = Release|Any CPU
		{7F716B52-E0AB-18D4-76D2-19A4BAD22546}.Debug|Any CPU.ActiveCfg = Debug|Any CPU
		{7F716B52-E0AB-18D4-76D2-19A4BAD22546}.Debug|Any CPU.Build.0 = Debug|Any CPU
		{7F716B52-E0AB-18D4-76D2-19A4BAD22546}.Debug|x64.ActiveCfg = Debug|Any CPU
		{7F716B52-E0AB-18D4-76D2-19A4BAD22546}.Debug|x64.Build.0 = Debug|Any CPU
		{7F716B52-E0AB-18D4-76D2-19A4BAD22546}.Debug|x86.ActiveCfg = Debug|Any CPU
		{7F716B52-E0AB-18D4-76D2-19A4BAD22546}.Debug|x86.Build.0 = Debug|Any CPU
		{7F716B52-E0AB-18D4-76D2-19A4BAD22546}.Release|Any CPU.ActiveCfg = Release|Any CPU
		{7F716B52-E0AB-18D4-76D2-19A4BAD22546}.Release|Any CPU.Build.0 = Release|Any CPU
		{7F716B52-E0AB-18D4-76D2-19A4BAD22546}.Release|x64.ActiveCfg = Release|Any CPU
		{7F716B52-E0AB-18D4-76D2-19A4BAD22546}.Release|x64.Build.0 = Release|Any CPU
		{7F716B52-E0AB-18D4-76D2-19A4BAD22546}.Release|x86.ActiveCfg = Release|Any CPU
		{7F716B52-E0AB-18D4-76D2-19A4BAD22546}.Release|x86.Build.0 = Release|Any CPU
		{3D3F0D9B-5067-CE60-2D55-743A222468EC}.Debug|Any CPU.ActiveCfg = Debug|Any CPU
		{3D3F0D9B-5067-CE60-2D55-743A222468EC}.Debug|Any CPU.Build.0 = Debug|Any CPU
		{3D3F0D9B-5067-CE60-2D55-743A222468EC}.Debug|x64.ActiveCfg = Debug|Any CPU
		{3D3F0D9B-5067-CE60-2D55-743A222468EC}.Debug|x64.Build.0 = Debug|Any CPU
		{3D3F0D9B-5067-CE60-2D55-743A222468EC}.Debug|x86.ActiveCfg = Debug|Any CPU
		{3D3F0D9B-5067-CE60-2D55-743A222468EC}.Debug|x86.Build.0 = Debug|Any CPU
		{3D3F0D9B-5067-CE60-2D55-743A222468EC}.Release|Any CPU.ActiveCfg = Release|Any CPU
		{3D3F0D9B-5067-CE60-2D55-743A222468EC}.Release|Any CPU.Build.0 = Release|Any CPU
		{3D3F0D9B-5067-CE60-2D55-743A222468EC}.Release|x64.ActiveCfg = Release|Any CPU
		{3D3F0D9B-5067-CE60-2D55-743A222468EC}.Release|x64.Build.0 = Release|Any CPU
		{3D3F0D9B-5067-CE60-2D55-743A222468EC}.Release|x86.ActiveCfg = Release|Any CPU
		{3D3F0D9B-5067-CE60-2D55-743A222468EC}.Release|x86.Build.0 = Release|Any CPU
		{F86A89EE-4726-442C-8896-F498F0737512}.Debug|Any CPU.ActiveCfg = Debug|Any CPU
		{F86A89EE-4726-442C-8896-F498F0737512}.Debug|Any CPU.Build.0 = Debug|Any CPU
		{F86A89EE-4726-442C-8896-F498F0737512}.Debug|x64.ActiveCfg = Debug|Any CPU
		{F86A89EE-4726-442C-8896-F498F0737512}.Debug|x64.Build.0 = Debug|Any CPU
		{F86A89EE-4726-442C-8896-F498F0737512}.Debug|x86.ActiveCfg = Debug|Any CPU
		{F86A89EE-4726-442C-8896-F498F0737512}.Debug|x86.Build.0 = Debug|Any CPU
		{F86A89EE-4726-442C-8896-F498F0737512}.Release|Any CPU.ActiveCfg = Release|Any CPU
		{F86A89EE-4726-442C-8896-F498F0737512}.Release|Any CPU.Build.0 = Release|Any CPU
		{F86A89EE-4726-442C-8896-F498F0737512}.Release|x64.ActiveCfg = Release|Any CPU
		{F86A89EE-4726-442C-8896-F498F0737512}.Release|x64.Build.0 = Release|Any CPU
		{F86A89EE-4726-442C-8896-F498F0737512}.Release|x86.ActiveCfg = Release|Any CPU
		{F86A89EE-4726-442C-8896-F498F0737512}.Release|x86.Build.0 = Release|Any CPU
		{55AEAF2F-0183-D4D7-B2A9-822963563676}.Debug|Any CPU.ActiveCfg = Debug|Any CPU
		{55AEAF2F-0183-D4D7-B2A9-822963563676}.Debug|Any CPU.Build.0 = Debug|Any CPU
		{55AEAF2F-0183-D4D7-B2A9-822963563676}.Debug|x64.ActiveCfg = Debug|Any CPU
		{55AEAF2F-0183-D4D7-B2A9-822963563676}.Debug|x64.Build.0 = Debug|Any CPU
		{55AEAF2F-0183-D4D7-B2A9-822963563676}.Debug|x86.ActiveCfg = Debug|Any CPU
		{55AEAF2F-0183-D4D7-B2A9-822963563676}.Debug|x86.Build.0 = Debug|Any CPU
		{55AEAF2F-0183-D4D7-B2A9-822963563676}.Release|Any CPU.ActiveCfg = Release|Any CPU
		{55AEAF2F-0183-D4D7-B2A9-822963563676}.Release|Any CPU.Build.0 = Release|Any CPU
		{55AEAF2F-0183-D4D7-B2A9-822963563676}.Release|x64.ActiveCfg = Release|Any CPU
		{55AEAF2F-0183-D4D7-B2A9-822963563676}.Release|x64.Build.0 = Release|Any CPU
		{55AEAF2F-0183-D4D7-B2A9-822963563676}.Release|x86.ActiveCfg = Release|Any CPU
		{55AEAF2F-0183-D4D7-B2A9-822963563676}.Release|x86.Build.0 = Release|Any CPU
	EndGlobalSection
	GlobalSection(SolutionProperties) = preSolution
		HideSolutionNode = FALSE
	EndGlobalSection
	GlobalSection(NestedProjects) = preSolution
		{38A84DEA-96FE-41DD-8453-7DE9CBDAC982} = {02EA681E-C7D8-13C7-8484-4AC65E1B71E8}
		{1868D0AD-A095-4497-8A8A-9496D6A6F7A7} = {0C88DD14-F956-CE84-757C-A364CCF449FC}
		{7F716B52-E0AB-18D4-76D2-19A4BAD22546} = {02EA681E-C7D8-13C7-8484-4AC65E1B71E8}
		{3D3F0D9B-5067-CE60-2D55-743A222468EC} = {02EA681E-C7D8-13C7-8484-4AC65E1B71E8}
		{F86A89EE-4726-442C-8896-F498F0737512} = {0C88DD14-F956-CE84-757C-A364CCF449FC}
		{55AEAF2F-0183-D4D7-B2A9-822963563676} = {0C88DD14-F956-CE84-757C-A364CCF449FC}
	EndGlobalSection
	GlobalSection(ExtensibilityGlobals) = postSolution
		SolutionGuid = {01330D86-D8EE-4B16-96E8-7F32D0CB25B8}
	EndGlobalSection
EndGlobal
